
Microsoft Visual Studio Solution File, Format Version 12.00
# Visual Studio Version 17
VisualStudioVersion = 17.14.36511.14
MinimumVisualStudioVersion = 10.0.40219.1
Project("{8BC9CEB8-8B4A-11D0-8D11-00A0C91BC942}") = "Client", "ClientServer\ClientServer.vcxproj", "{0A68DC8F-D777-4476-A93B-238083AED4F3}"
EndProject
Project("{8BC9CEB8-8B4A-11D0-8D11-00A0C91BC942}") = "Server", "Server\Server.vcxproj", "{287996E8-7683-427D-A01C-DFBCB491B891}"
EndProject
Global
	GlobalSection(SolutionConfigurationPlatforms) = preSolution
		Debug|x64 = Debug|x64
		Debug|x86 = Debug|x86
		Release|x64 = Release|x64
		Release|x86 = Release|x86
	EndGlobalSection
	GlobalSection(ProjectConfigurationPlatforms) = postSolution
		{0A68DC8F-D777-4476-A93B-238083AED4F3}.Debug|x64.ActiveCfg = Debug|x64
		{0A68DC8F-D777-4476-A93B-238083AED4F3}.Debug|x64.Build.0 = Debug|x64
		{0A68DC8F-D777-4476-A93B-238083AED4F3}.Debug|x86.ActiveCfg = Debug|Win32
		{0A68DC8F-D777-4476-A93B-238083AED4F3}.Debug|x86.Build.0 = Debug|Win32
		{0A68DC8F-D777-4476-A93B-238083AED4F3}.Release|x64.ActiveCfg = Release|x64
		{0A68DC8F-D777-4476-A93B-238083AED4F3}.Release|x64.Build.0 = Release|x64
		{0A68DC8F-D777-4476-A93B-238083AED4F3}.Release|x86.ActiveCfg = Release|Win32
		{0A68DC8F-D777-4476-A93B-238083AED4F3}.Release|x86.Build.0 = Release|Win32
		{287996E8-7683-427D-A01C-DFBCB491B891}.Debug|x64.ActiveCfg = Debug|x64
		{287996E8-7683-427D-A01C-DFBCB491B891}.Debug|x64.Build.0 = Debug|x64
		{287996E8-7683-427D-A01C-DFBCB491B891}.Debug|x86.ActiveCfg = Debug|Win32
		{287996E8-7683-427D-A01C-DFBCB491B891}.Debug|x86.Build.0 = Debug|Win32
		{287996E8-7683-427D-A01C-DFBCB491B891}.Release|x64.ActiveCfg = Release|x64
		{287996E8-7683-427D-A01C-DFBCB491B891}.Release|x64.Build.0 = Release|x64
		{287996E8-7683-427D-A01C-DFBCB491B891}.Release|x86.ActiveCfg = Release|Win32
		{287996E8-7683-427D-A01C-DFBCB491B891}.Release|x86.Build.0 = Release|Win32
	EndGlobalSection
	GlobalSection(SolutionProperties) = preSolution
		HideSolutionNode = FALSE
	EndGlobalSection
	GlobalSection(ExtensibilityGlobals) = postSolution
		SolutionGuid = {6E4C3F80-18A6-4C52-93D2-1AAB5A686A35}
	EndGlobalSection
EndGlobal
